// !$*UTF8*$!
{
	archiveVersion = 1;
	classes = {
	};
	objectVersion = 56;
	objects = {

/* Begin PBXBuildFile section */
		25F0C4B22B1631700036D54E /* AppDelegate.swift in Sources */ = {isa = PBXBuildFile; fileRef = 25F0C4B12B1631700036D54E /* AppDelegate.swift */; };
		25F0C4B42B1631700036D54E /* SceneDelegate.swift in Sources */ = {isa = PBXBuildFile; fileRef = 25F0C4B32B1631700036D54E /* SceneDelegate.swift */; };
		25F0C4B62B1631700036D54E /* ViewController.swift in Sources */ = {isa = PBXBuildFile; fileRef = 25F0C4B52B1631700036D54E /* ViewController.swift */; };
		25F0C4B92B1631700036D54E /* Main.storyboard in Resources */ = {isa = PBXBuildFile; fileRef = 25F0C4B72B1631700036D54E /* Main.storyboard */; };
		25F0C4BB2B1631710036D54E /* Assets.xcassets in Resources */ = {isa = PBXBuildFile; fileRef = 25F0C4BA2B1631710036D54E /* Assets.xcassets */; };
		25F0C4BE2B1631710036D54E /* LaunchScreen.storyboard in Resources */ = {isa = PBXBuildFile; fileRef = 25F0C4BC2B1631710036D54E /* LaunchScreen.storyboard */; };
		25F0C8B12B16359F0036D54E /* AlbumItem.swift in Sources */ = {isa = PBXBuildFile; fileRef = 25F0C8B02B16359F0036D54E /* AlbumItem.swift */; };
		25F0C8B42B1636CB0036D54E /* AlbumDetailItem.swift in Sources */ = {isa = PBXBuildFile; fileRef = 25F0C8B32B1636CB0036D54E /* AlbumDetailItem.swift */; };
		25F0C8B62B16394A0036D54E /* AlbumItemCell.swift in Sources */ = {isa = PBXBuildFile; fileRef = 25F0C8B52B16394A0036D54E /* AlbumItemCell.swift */; };
		25F6922E2B17011A00A6985B /* FileManager+Extensions.swift in Sources */ = {isa = PBXBuildFile; fileRef = 25F6922D2B17011A00A6985B /* FileManager+Extensions.swift */; };
		25F6927B2B17842800A6985B /* StringProtocol+Extension.swift in Sources */ = {isa = PBXBuildFile; fileRef = 25F6927A2B17842800A6985B /* StringProtocol+Extension.swift */; };
		2DB0BF082B30112D0058E0CA /* AlbumDetailViewController.swift in Sources */ = {isa = PBXBuildFile; fileRef = 2DB0BF072B30112D0058E0CA /* AlbumDetailViewController.swift */; };
		2DB0BF0A2B30118C0058E0CA /* PhotoItemCell.swift in Sources */ = {isa = PBXBuildFile; fileRef = 2DB0BF092B30118C0058E0CA /* PhotoItemCell.swift */; };
		2DB0BF0C2B3012420058E0CA /* FeaturedAlbumItemCell.swift in Sources */ = {isa = PBXBuildFile; fileRef = 2DB0BF0B2B3012420058E0CA /* FeaturedAlbumItemCell.swift */; };
		2DB0BF0E2B30126A0058E0CA /* SharedAlbumItemCell.swift in Sources */ = {isa = PBXBuildFile; fileRef = 2DB0BF0D2B30126A0058E0CA /* SharedAlbumItemCell.swift */; };
		2DB0C5172B30246A0058E0CA /* PhotoData.bundle in Resources */ = {isa = PBXBuildFile; fileRef = 2DB0C5162B30246A0058E0CA /* PhotoData.bundle */; };
		2DB0C5192B302BD90058E0CA /* AlbumsViewController.swift in Sources */ = {isa = PBXBuildFile; fileRef = 2DB0C5182B302BD90058E0CA /* AlbumsViewController.swift */; };
		2DB0C51C2B3037430058E0CA /* PhotoDetailViewController.swift in Sources */ = {isa = PBXBuildFile; fileRef = 2DB0C51B2B3037430058E0CA /* PhotoDetailViewController.swift */; };
		2DB0C51F2B30379E0058E0CA /* SyncingBadgeView.swift in Sources */ = {isa = PBXBuildFile; fileRef = 2DB0C51E2B30379E0058E0CA /* SyncingBadgeView.swift */; };
		2DB0C5212B3037C40058E0CA /* HeaderView.swift in Sources */ = {isa = PBXBuildFile; fileRef = 2DB0C5202B3037C40058E0CA /* HeaderView.swift */; };
/* End PBXBuildFile section */

/* Begin PBXFileReference section */
		25F0C4AE2B1631700036D54E /* Exploring-CompositionalLayout.app */ = {isa = PBXFileReference; explicitFileType = wrapper.application; includeInIndex = 0; path = "Exploring-CompositionalLayout.app"; sourceTree = BUILT_PRODUCTS_DIR; };
		25F0C4B12B1631700036D54E /* AppDelegate.swift */ = {isa = PBXFileReference; lastKnownFileType = sourcecode.swift; path = AppDelegate.swift; sourceTree = "<group>"; };
		25F0C4B32B1631700036D54E /* SceneDelegate.swift */ = {isa = PBXFileReference; lastKnownFileType = sourcecode.swift; path = SceneDelegate.swift; sourceTree = "<group>"; };
		25F0C4B52B1631700036D54E /* ViewController.swift */ = {isa = PBXFileReference; lastKnownFileType = sourcecode.swift; path = ViewController.swift; sourceTree = "<group>"; };
		25F0C4B82B1631700036D54E /* Base */ = {isa = PBXFileReference; lastKnownFileType = file.storyboard; name = Base; path = Base.lproj/Main.storyboard; sourceTree = "<group>"; };
		25F0C4BA2B1631710036D54E /* Assets.xcassets */ = {isa = PBXFileReference; lastKnownFileType = folder.assetcatalog; path = Assets.xcassets; sourceTree = "<group>"; };
		25F0C4BD2B1631710036D54E /* Base */ = {isa = PBXFileReference; lastKnownFileType = file.storyboard; name = Base; path = Base.lproj/LaunchScreen.storyboard; sourceTree = "<group>"; };
		25F0C4BF2B1631710036D54E /* Info.plist */ = {isa = PBXFileReference; lastKnownFileType = text.plist.xml; path = Info.plist; sourceTree = "<group>"; };
		25F0C8B02B16359F0036D54E /* AlbumItem.swift */ = {isa = PBXFileReference; lastKnownFileType = sourcecode.swift; path = AlbumItem.swift; sourceTree = "<group>"; };
		25F0C8B32B1636CB0036D54E /* AlbumDetailItem.swift */ = {isa = PBXFileReference; lastKnownFileType = sourcecode.swift; path = AlbumDetailItem.swift; sourceTree = "<group>"; };
		25F0C8B52B16394A0036D54E /* AlbumItemCell.swift */ = {isa = PBXFileReference; lastKnownFileType = sourcecode.swift; path = AlbumItemCell.swift; sourceTree = "<group>"; };
		25F6922D2B17011A00A6985B /* FileManager+Extensions.swift */ = {isa = PBXFileReference; lastKnownFileType = sourcecode.swift; path = "FileManager+Extensions.swift"; sourceTree = "<group>"; };
		25F6927A2B17842800A6985B /* StringProtocol+Extension.swift */ = {isa = PBXFileReference; lastKnownFileType = sourcecode.swift; path = "StringProtocol+Extension.swift"; sourceTree = "<group>"; };
		2DB0BF072B30112D0058E0CA /* AlbumDetailViewController.swift */ = {isa = PBXFileReference; lastKnownFileType = sourcecode.swift; path = AlbumDetailViewController.swift; sourceTree = "<group>"; };
		2DB0BF092B30118C0058E0CA /* PhotoItemCell.swift */ = {isa = PBXFileReference; lastKnownFileType = sourcecode.swift; path = PhotoItemCell.swift; sourceTree = "<group>"; };
		2DB0BF0B2B3012420058E0CA /* FeaturedAlbumItemCell.swift */ = {isa = PBXFileReference; lastKnownFileType = sourcecode.swift; path = FeaturedAlbumItemCell.swift; sourceTree = "<group>"; };
		2DB0BF0D2B30126A0058E0CA /* SharedAlbumItemCell.swift */ = {isa = PBXFileReference; lastKnownFileType = sourcecode.swift; path = SharedAlbumItemCell.swift; sourceTree = "<group>"; };
		2DB0C5162B30246A0058E0CA /* PhotoData.bundle */ = {isa = PBXFileReference; lastKnownFileType = "wrapper.plug-in"; path = PhotoData.bundle; sourceTree = "<group>"; };
		2DB0C5182B302BD90058E0CA /* AlbumsViewController.swift */ = {isa = PBXFileReference; lastKnownFileType = sourcecode.swift; path = AlbumsViewController.swift; sourceTree = "<group>"; };
		2DB0C51B2B3037430058E0CA /* PhotoDetailViewController.swift */ = {isa = PBXFileReference; lastKnownFileType = sourcecode.swift; path = PhotoDetailViewController.swift; sourceTree = "<group>"; };
		2DB0C51E2B30379E0058E0CA /* SyncingBadgeView.swift */ = {isa = PBXFileReference; lastKnownFileType = sourcecode.swift; path = SyncingBadgeView.swift; sourceTree = "<group>"; };
		2DB0C5202B3037C40058E0CA /* HeaderView.swift */ = {isa = PBXFileReference; lastKnownFileType = sourcecode.swift; path = HeaderView.swift; sourceTree = "<group>"; };
/* End PBXFileReference section */

/* Begin PBXFrameworksBuildPhase section */
		25F0C4AB2B1631700036D54E /* Frameworks */ = {
			isa = PBXFrameworksBuildPhase;
			buildActionMask = 2147483647;
			files = (
			);
			runOnlyForDeploymentPostprocessing = 0;
		};
/* End PBXFrameworksBuildPhase section */

/* Begin PBXGroup section */
		25F0C4A52B1631700036D54E = {
			isa = PBXGroup;
			children = (
				25F0C4B02B1631700036D54E /* Exploring-CompositionalLayout */,
				2DB0C5162B30246A0058E0CA /* PhotoData.bundle */,
				25F0C4AF2B1631700036D54E /* Products */,
			);
			sourceTree = "<group>";
		};
		25F0C4AF2B1631700036D54E /* Products */ = {
			isa = PBXGroup;
			children = (
				25F0C4AE2B1631700036D54E /* Exploring-CompositionalLayout.app */,
			);
			name = Products;
			sourceTree = "<group>";
		};
		25F0C4B02B1631700036D54E /* Exploring-CompositionalLayout */ = {
			isa = PBXGroup;
			children = (
				25F0C4B12B1631700036D54E /* AppDelegate.swift */,
				25F0C4B32B1631700036D54E /* SceneDelegate.swift */,
				25F0C4B52B1631700036D54E /* ViewController.swift */,
				25F0C4B72B1631700036D54E /* Main.storyboard */,
				25F0C4BA2B1631710036D54E /* Assets.xcassets */,
				25F0C4BC2B1631710036D54E /* LaunchScreen.storyboard */,
				25F0C4BF2B1631710036D54E /* Info.plist */,
				25F6922C2B1700FB00A6985B /* Extensions */,
				2DB0C51D2B3037750058E0CA /* SharedViews */,
				2DB0C51A2B3037260058E0CA /* PhotoDetail */,
				25F0C8B22B1636B70036D54E /* AlbumDetail */,
				25F0C8AF2B16354F0036D54E /* Albums */,
			);
			path = "Exploring-CompositionalLayout";
			sourceTree = "<group>";
		};
		25F0C8AF2B16354F0036D54E /* Albums */ = {
			isa = PBXGroup;
			children = (
				2DB0C5182B302BD90058E0CA /* AlbumsViewController.swift */,
				25F0C8B52B16394A0036D54E /* AlbumItemCell.swift */,
				25F0C8B02B16359F0036D54E /* AlbumItem.swift */,
				2DB0BF0B2B3012420058E0CA /* FeaturedAlbumItemCell.swift */,
				2DB0BF0D2B30126A0058E0CA /* SharedAlbumItemCell.swift */,
			);
			path = Albums;
			sourceTree = "<group>";
		};
		25F0C8B22B1636B70036D54E /* AlbumDetail */ = {
			isa = PBXGroup;
			children = (
				25F0C8B32B1636CB0036D54E /* AlbumDetailItem.swift */,
				2DB0BF072B30112D0058E0CA /* AlbumDetailViewController.swift */,
				2DB0BF092B30118C0058E0CA /* PhotoItemCell.swift */,
			);
			path = AlbumDetail;
			sourceTree = "<group>";
		};
		25F6922C2B1700FB00A6985B /* Extensions */ = {
			isa = PBXGroup;
			children = (
				25F6922D2B17011A00A6985B /* FileManager+Extensions.swift */,
				25F6927A2B17842800A6985B /* StringProtocol+Extension.swift */,
			);
			path = Extensions;
			sourceTree = "<group>";
		};
		2DB0C51A2B3037260058E0CA /* PhotoDetail */ = {
			isa = PBXGroup;
			children = (
				2DB0C51B2B3037430058E0CA /* PhotoDetailViewController.swift */,
			);
			path = PhotoDetail;
			sourceTree = "<group>";
		};
		2DB0C51D2B3037750058E0CA /* SharedViews */ = {
			isa = PBXGroup;
			children = (
				2DB0C51E2B30379E0058E0CA /* SyncingBadgeView.swift */,
				2DB0C5202B3037C40058E0CA /* HeaderView.swift */,
			);
			path = SharedViews;
			sourceTree = "<group>";
		};
/* End PBXGroup section */

/* Begin PBXNativeTarget section */
		25F0C4AD2B1631700036D54E /* Exploring-CompositionalLayout */ = {
			isa = PBXNativeTarget;
			buildConfigurationList = 25F0C4C22B1631710036D54E /* Build configuration list for PBXNativeTarget "Exploring-CompositionalLayout" */;
			buildPhases = (
				25F0C4AA2B1631700036D54E /* Sources */,
				25F0C4AB2B1631700036D54E /* Frameworks */,
				25F0C4AC2B1631700036D54E /* Resources */,
			);
			buildRules = (
			);
			dependencies = (
			);
			name = "Exploring-CompositionalLayout";
			productName = "Exploring-CompositionalLayout";
			productReference = 25F0C4AE2B1631700036D54E /* Exploring-CompositionalLayout.app */;
			productType = "com.apple.product-type.application";
		};
/* End PBXNativeTarget section */

/* Begin PBXProject section */
		25F0C4A62B1631700036D54E /* Project object */ = {
			isa = PBXProject;
			attributes = {
				BuildIndependentTargetsInParallel = 1;
				LastSwiftUpdateCheck = 1430;
				LastUpgradeCheck = 1430;
				TargetAttributes = {
					25F0C4AD2B1631700036D54E = {
						CreatedOnToolsVersion = 14.3.1;
					};
				};
			};
			buildConfigurationList = 25F0C4A92B1631700036D54E /* Build configuration list for PBXProject "Exploring-CompositionalLayout" */;
			compatibilityVersion = "Xcode 14.0";
			developmentRegion = en;
			hasScannedForEncodings = 0;
			knownRegions = (
				en,
				Base,
			);
			mainGroup = 25F0C4A52B1631700036D54E;
			productRefGroup = 25F0C4AF2B1631700036D54E /* Products */;
			projectDirPath = "";
			projectRoot = "";
			targets = (
				25F0C4AD2B1631700036D54E /* Exploring-CompositionalLayout */,
			);
		};
/* End PBXProject section */

/* Begin PBXResourcesBuildPhase section */
		25F0C4AC2B1631700036D54E /* Resources */ = {
			isa = PBXResourcesBuildPhase;
			buildActionMask = 2147483647;
			files = (
				2DB0C5172B30246A0058E0CA /* PhotoData.bundle in Resources */,
				25F0C4BE2B1631710036D54E /* LaunchScreen.storyboard in Resources */,
				25F0C4BB2B1631710036D54E /* Assets.xcassets in Resources */,
				25F0C4B92B1631700036D54E /* Main.storyboard in Resources */,
			);
			runOnlyForDeploymentPostprocessing = 0;
		};
/* End PBXResourcesBuildPhase section */

/* Begin PBXSourcesBuildPhase section */
		25F0C4AA2B1631700036D54E /* Sources */ = {
			isa = PBXSourcesBuildPhase;
			buildActionMask = 2147483647;
			files = (
				2DB0BF0C2B3012420058E0CA /* FeaturedAlbumItemCell.swift in Sources */,
				25F0C4B62B1631700036D54E /* ViewController.swift in Sources */,
				25F6922E2B17011A00A6985B /* FileManager+Extensions.swift in Sources */,
				25F0C8B42B1636CB0036D54E /* AlbumDetailItem.swift in Sources */,
				2DB0BF0A2B30118C0058E0CA /* PhotoItemCell.swift in Sources */,
				25F0C8B62B16394A0036D54E /* AlbumItemCell.swift in Sources */,
				25F6927B2B17842800A6985B /* StringProtocol+Extension.swift in Sources */,
				2DB0BF0E2B30126A0058E0CA /* SharedAlbumItemCell.swift in Sources */,
				2DB0BF082B30112D0058E0CA /* AlbumDetailViewController.swift in Sources */,
				25F0C4B22B1631700036D54E /* AppDelegate.swift in Sources */,
				2DB0C51C2B3037430058E0CA /* PhotoDetailViewController.swift in Sources */,
				25F0C8B12B16359F0036D54E /* AlbumItem.swift in Sources */,
				2DB0C51F2B30379E0058E0CA /* SyncingBadgeView.swift in Sources */,
				2DB0C5192B302BD90058E0CA /* AlbumsViewController.swift in Sources */,
				25F0C4B42B1631700036D54E /* SceneDelegate.swift in Sources */,
				2DB0C5212B3037C40058E0CA /* HeaderView.swift in Sources */,
			);
			runOnlyForDeploymentPostprocessing = 0;
		};
/* End PBXSourcesBuildPhase section */

/* Begin PBXVariantGroup section */
		25F0C4B72B1631700036D54E /* Main.storyboard */ = {
			isa = PBXVariantGroup;
			children = (
				25F0C4B82B1631700036D54E /* Base */,
			);
			name = Main.storyboard;
			sourceTree = "<group>";
		};
		25F0C4BC2B1631710036D54E /* LaunchScreen.storyboard */ = {
			isa = PBXVariantGroup;
			children = (
				25F0C4BD2B1631710036D54E /* Base */,
			);
			name = LaunchScreen.storyboard;
			sourceTree = "<group>";
		};
/* End PBXVariantGroup section */

/* Begin XCBuildConfiguration section */
		25F0C4C02B1631710036D54E /* Debug */ = {
			isa = XCBuildConfiguration;
			buildSettings = {
				ALWAYS_SEARCH_USER_PATHS = NO;
				CLANG_ANALYZER_NONNULL = YES;
				CLANG_ANALYZER_NUMBER_OBJECT_CONVERSION = YES_AGGRESSIVE;
				CLANG_CXX_LANGUAGE_STANDARD = "gnu++20";
				CLANG_ENABLE_MODULES = YES;
				CLANG_ENABLE_OBJC_ARC = YES;
				CLANG_ENABLE_OBJC_WEAK = YES;
				CLANG_WARN_BLOCK_CAPTURE_AUTORELEASING = YES;
				CLANG_WARN_BOOL_CONVERSION = YES;
				CLANG_WARN_COMMA = YES;
				CLANG_WARN_CONSTANT_CONVERSION = YES;
				CLANG_WARN_DEPRECATED_OBJC_IMPLEMENTATIONS = YES;
				CLANG_WARN_DIRECT_OBJC_ISA_USAGE = YES_ERROR;
				CLANG_WARN_DOCUMENTATION_COMMENTS = YES;
				CLANG_WARN_EMPTY_BODY = YES;
				CLANG_WARN_ENUM_CONVERSION = YES;
				CLANG_WARN_INFINITE_RECURSION = YES;
				CLANG_WARN_INT_CONVERSION = YES;
				CLANG_WARN_NON_LITERAL_NULL_CONVERSION = YES;
				CLANG_WARN_OBJC_IMPLICIT_RETAIN_SELF = YES;
				CLANG_WARN_OBJC_LITERAL_CONVERSION = YES;
				CLANG_WARN_OBJC_ROOT_CLASS = YES_ERROR;
				CLANG_WARN_QUOTED_INCLUDE_IN_FRAMEWORK_HEADER = YES;
				CLANG_WARN_RANGE_LOOP_ANALYSIS = YES;
				CLANG_WARN_STRICT_PROTOTYPES = YES;
				CLANG_WARN_SUSPICIOUS_MOVE = YES;
				CLANG_WARN_UNGUARDED_AVAILABILITY = YES_AGGRESSIVE;
				CLANG_WARN_UNREACHABLE_CODE = YES;
				CLANG_WARN__DUPLICATE_METHOD_MATCH = YES;
				COPY_PHASE_STRIP = NO;
				DEBUG_INFORMATION_FORMAT = dwarf;
				ENABLE_STRICT_OBJC_MSGSEND = YES;
				ENABLE_TESTABILITY = YES;
				GCC_C_LANGUAGE_STANDARD = gnu11;
				GCC_DYNAMIC_NO_PIC = NO;
				GCC_NO_COMMON_BLOCKS = YES;
				GCC_OPTIMIZATION_LEVEL = 0;
				GCC_PREPROCESSOR_DEFINITIONS = (
					"DEBUG=1",
					"$(inherited)",
				);
				GCC_WARN_64_TO_32_BIT_CONVERSION = YES;
				GCC_WARN_ABOUT_RETURN_TYPE = YES_ERROR;
				GCC_WARN_UNDECLARED_SELECTOR = YES;
				GCC_WARN_UNINITIALIZED_AUTOS = YES_AGGRESSIVE;
				GCC_WARN_UNUSED_FUNCTION = YES;
				GCC_WARN_UNUSED_VARIABLE = YES;
				IPHONEOS_DEPLOYMENT_TARGET = 16.4;
				MTL_ENABLE_DEBUG_INFO = INCLUDE_SOURCE;
				MTL_FAST_MATH = YES;
				ONLY_ACTIVE_ARCH = YES;
				SDKROOT = iphoneos;
				SWIFT_ACTIVE_COMPILATION_CONDITIONS = DEBUG;
				SWIFT_OPTIMIZATION_LEVEL = "-Onone";
			};
			name = Debug;
		};
		25F0C4C12B1631710036D54E /* Release */ = {
			isa = XCBuildConfiguration;
			buildSettings = {
				ALWAYS_SEARCH_USER_PATHS = NO;
				CLANG_ANALYZER_NONNULL = YES;
				CLANG_ANALYZER_NUMBER_OBJECT_CONVERSION = YES_AGGRESSIVE;
				CLANG_CXX_LANGUAGE_STANDARD = "gnu++20";
				CLANG_ENABLE_MODULES = YES;
				CLANG_ENABLE_OBJC_ARC = YES;
				CLANG_ENABLE_OBJC_WEAK = YES;
				CLANG_WARN_BLOCK_CAPTURE_AUTORELEASING = YES;
				CLANG_WARN_BOOL_CONVERSION = YES;
				CLANG_WARN_COMMA = YES;
				CLANG_WARN_CONSTANT_CONVERSION = YES;
				CLANG_WARN_DEPRECATED_OBJC_IMPLEMENTATIONS = YES;
				CLANG_WARN_DIRECT_OBJC_ISA_USAGE = YES_ERROR;
				CLANG_WARN_DOCUMENTATION_COMMENTS = YES;
				CLANG_WARN_EMPTY_BODY = YES;
				CLANG_WARN_ENUM_CONVERSION = YES;
				CLANG_WARN_INFINITE_RECURSION = YES;
				CLANG_WARN_INT_CONVERSION = YES;
				CLANG_WARN_NON_LITERAL_NULL_CONVERSION = YES;
				CLANG_WARN_OBJC_IMPLICIT_RETAIN_SELF = YES;
				CLANG_WARN_OBJC_LITERAL_CONVERSION = YES;
				CLANG_WARN_OBJC_ROOT_CLASS = YES_ERROR;
				CLANG_WARN_QUOTED_INCLUDE_IN_FRAMEWORK_HEADER = YES;
				CLANG_WARN_RANGE_LOOP_ANALYSIS = YES;
				CLANG_WARN_STRICT_PROTOTYPES = YES;
				CLANG_WARN_SUSPICIOUS_MOVE = YES;
				CLANG_WARN_UNGUARDED_AVAILABILITY = YES_AGGRESSIVE;
				CLANG_WARN_UNREACHABLE_CODE = YES;
				CLANG_WARN__DUPLICATE_METHOD_MATCH = YES;
				COPY_PHASE_STRIP = NO;
				DEBUG_INFORMATION_FORMAT = "dwarf-with-dsym";
				ENABLE_NS_ASSERTIONS = NO;
				ENABLE_STRICT_OBJC_MSGSEND = YES;
				GCC_C_LANGUAGE_STANDARD = gnu11;
				GCC_NO_COMMON_BLOCKS = YES;
				GCC_WARN_64_TO_32_BIT_CONVERSION = YES;
				GCC_WARN_ABOUT_RETURN_TYPE = YES_ERROR;
				GCC_WARN_UNDECLARED_SELECTOR = YES;
				GCC_WARN_UNINITIALIZED_AUTOS = YES_AGGRESSIVE;
				GCC_WARN_UNUSED_FUNCTION = YES;
				GCC_WARN_UNUSED_VARIABLE = YES;
				IPHONEOS_DEPLOYMENT_TARGET = 16.4;
				MTL_ENABLE_DEBUG_INFO = NO;
				MTL_FAST_MATH = YES;
				SDKROOT = iphoneos;
				SWIFT_COMPILATION_MODE = wholemodule;
				SWIFT_OPTIMIZATION_LEVEL = "-O";
				VALIDATE_PRODUCT = YES;
			};
			name = Release;
		};
		25F0C4C32B1631710036D54E /* Debug */ = {
			isa = XCBuildConfiguration;
			buildSettings = {
				ASSETCATALOG_COMPILER_APPICON_NAME = AppIcon;
				ASSETCATALOG_COMPILER_GLOBAL_ACCENT_COLOR_NAME = AccentColor;
				ASSETCATALOG_COMPILER_INCLUDE_ALL_APPICON_ASSETS = YES;
				CODE_SIGN_STYLE = Automatic;
				CURRENT_PROJECT_VERSION = 1;
				DEVELOPMENT_TEAM = 239VXZ5UK5;
				GENERATE_INFOPLIST_FILE = YES;
				INFOPLIST_FILE = "Exploring-CompositionalLayout/Info.plist";
				INFOPLIST_KEY_CFBundleDisplayName = Compositional;
				INFOPLIST_KEY_UIApplicationSupportsIndirectInputEvents = YES;
				INFOPLIST_KEY_UILaunchStoryboardName = LaunchScreen;
				INFOPLIST_KEY_UIMainStoryboardFile = Main;
				INFOPLIST_KEY_UISupportedInterfaceOrientations_iPad = "UIInterfaceOrientationPortrait UIInterfaceOrientationPortraitUpsideDown UIInterfaceOrientationLandscapeLeft UIInterfaceOrientationLandscapeRight";
				INFOPLIST_KEY_UISupportedInterfaceOrientations_iPhone = "UIInterfaceOrientationPortrait UIInterfaceOrientationLandscapeLeft UIInterfaceOrientationLandscapeRight";
				IPHONEOS_DEPLOYMENT_TARGET = 13.0;
				LD_RUNPATH_SEARCH_PATHS = (
					"$(inherited)",
					"@executable_path/Frameworks",
				);
				MARKETING_VERSION = 1.0;
				PRODUCT_BUNDLE_IDENTIFIER = "com.galib.heat.Exploring-CompositionalLayout";
				PRODUCT_NAME = "$(TARGET_NAME)";
				SWIFT_EMIT_LOC_STRINGS = YES;
				SWIFT_VERSION = 5.0;
				TARGETED_DEVICE_FAMILY = "1,2";
			};
			name = Debug;
		};
		25F0C4C42B1631710036D54E /* Release */ = {
			isa = XCBuildConfiguration;
			buildSettings = {
				ASSETCATALOG_COMPILER_APPICON_NAME = AppIcon;
				ASSETCATALOG_COMPILER_GLOBAL_ACCENT_COLOR_NAME = AccentColor;
				ASSETCATALOG_COMPILER_INCLUDE_ALL_APPICON_ASSETS = YES;
				CODE_SIGN_STYLE = Automatic;
				CURRENT_PROJECT_VERSION = 1;
				DEVELOPMENT_TEAM = 239VXZ5UK5;
				GENERATE_INFOPLIST_FILE = YES;
				INFOPLIST_FILE = "Exploring-CompositionalLayout/Info.plist";
				INFOPLIST_KEY_CFBundleDisplayName = Compositional;
				INFOPLIST_KEY_UIApplicationSupportsIndirectInputEvents = YES;
				INFOPLIST_KEY_UILaunchStoryboardName = LaunchScreen;
				INFOPLIST_KEY_UIMainStoryboardFile = Main;
				INFOPLIST_KEY_UISupportedInterfaceOrientations_iPad = "UIInterfaceOrientationPortrait UIInterfaceOrientationPortraitUpsideDown UIInterfaceOrientationLandscapeLeft UIInterfaceOrientationLandscapeRight";
				INFOPLIST_KEY_UISupportedInterfaceOrientations_iPhone = "UIInterfaceOrientationPortrait UIInterfaceOrientationLandscapeLeft UIInterfaceOrientationLandscapeRight";
				IPHONEOS_DEPLOYMENT_TARGET = 13.0;
				LD_RUNPATH_SEARCH_PATHS = (
					"$(inherited)",
					"@executable_path/Frameworks",
				);
				MARKETING_VERSION = 1.0;
				PRODUCT_BUNDLE_IDENTIFIER = "com.galib.heat.Exploring-CompositionalLayout";
				PRODUCT_NAME = "$(TARGET_NAME)";
				SWIFT_EMIT_LOC_STRINGS = YES;
				SWIFT_VERSION = 5.0;
				TARGETED_DEVICE_FAMILY = "1,2";
			};
			name = Release;
		};
/* End XCBuildConfiguration section */

/* Begin XCConfigurationList section */
		25F0C4A92B1631700036D54E /* Build configuration list for PBXProject "Exploring-CompositionalLayout" */ = {
			isa = XCConfigurationList;
			buildConfigurations = (
				25F0C4C02B1631710036D54E /* Debug */,
				25F0C4C12B1631710036D54E /* Release */,
			);
			defaultConfigurationIsVisible = 0;
			defaultConfigurationName = Release;
		};
		25F0C4C22B1631710036D54E /* Build configuration list for PBXNativeTarget "Exploring-CompositionalLayout" */ = {
			isa = XCConfigurationList;
			buildConfigurations = (
				25F0C4C32B1631710036D54E /* Debug */,
				25F0C4C42B1631710036D54E /* Release */,
			);
			defaultConfigurationIsVisible = 0;
			defaultConfigurationName = Release;
		};
/* End XCConfigurationList section */
	};
	rootObject = 25F0C4A62B1631700036D54E /* Project object */;
}
